
Microsoft Visual Studio Solution File, Format Version 12.00
# Visual Studio Version 16
VisualStudioVersion = 16.0.29806.167
MinimumVisualStudioVersion = 10.0.40219.1
Project("{FAE04EC0-301F-11D3-BF4B-00C04F79EFBC}") = "StudentManagement", "StudentManagement.csproj", "{7A16591E-DD65-4389-AF57-39349DB489E6}"
EndProject
Project("{2150E333-8FDC-42A3-9474-1A3956D46DE8}") = "Solution Items", "Solution Items", "{23172405-42B1-4F86-8262-289CCB5FFFFB}"
	ProjectSection(SolutionItems) = preProject
		.editorconfig = .editorconfig
	EndProjectSection
EndProject
Global
	GlobalSection(SolutionConfigurationPlatforms) = preSolution
		Debug|Any CPU = Debug|Any CPU
		Release|Any CPU = Release|Any CPU
	EndGlobalSection
	GlobalSection(ProjectConfigurationPlatforms) = postSolution
		{7A16591E-DD65-4389-AF57-39349DB489E6}.Debug|Any CPU.ActiveCfg = Debug|Any CPU
		{7A16591E-DD65-4389-AF57-39349DB489E6}.Debug|Any CPU.Build.0 = Debug|Any CPU
		{7A16591E-DD65-4389-AF57-39349DB489E6}.Release|Any CPU.ActiveCfg = Release|Any CPU
		{7A16591E-DD65-4389-AF57-39349DB489E6}.Release|Any CPU.Build.0 = Release|Any CPU
	EndGlobalSection
	GlobalSection(SolutionProperties) = preSolution
		HideSolutionNode = FALSE
	EndGlobalSection
	GlobalSection(ExtensibilityGlobals) = postSolution
		SolutionGuid = {470C12D8-056F-49B4-92D3-BCE8F9AC976D}
	EndGlobalSection
EndGlobal
